# This file is automatically @generated by Poetry 1.6.1 and should not be changed by hand.

[[package]]
name = "flake8"
version = "7.0.0"
description = "the modular source code checker: pep8 pyflakes and co"
optional = false
python-versions = ">=3.8.1"
files = [
    {file = "flake8-7.0.0-py2.py3-none-any.whl", hash = "sha256:a6dfbb75e03252917f2473ea9653f7cd799c3064e54d4c8140044c5c065f53c3"},
    {file = "flake8-7.0.0.tar.gz", hash = "sha256:33f96621059e65eec474169085dc92bf26e7b2d47366b70be2f67ab80dc25132"},
]

[package.dependencies]
mccabe = ">=0.7.0,<0.8.0"
pycodestyle = ">=2.11.0,<2.12.0"
pyflakes = ">=3.2.0,<3.3.0"

[[package]]
name = "flake8-broken-line"
version = "1.0.0"
description = "Flake8 plugin to forbid backslashes for line breaks"
optional = false
python-versions = ">=3.8,<4.0"
files = [
    {file = "flake8_broken_line-1.0.0-py3-none-any.whl", hash = "sha256:96c964336024a5030dc536a9f6fb02aa679e2d2a6b35b80a558b5136c35832a9"},
    {file = "flake8_broken_line-1.0.0.tar.gz", hash = "sha256:e2c6a17f8d9a129e99c1320fce89b33843e2963871025c4c2bb7b8b8d8732a85"},
]

[package.dependencies]
flake8 = ">5"

[[package]]
name = "flake8-isort"
version = "6.1.1"
description = "flake8 plugin that integrates isort"
optional = false
python-versions = ">=3.8"
files = [
    {file = "flake8_isort-6.1.1-py3-none-any.whl", hash = "sha256:0fec4dc3a15aefbdbe4012e51d5531a2eb5fa8b981cdfbc882296a59b54ede12"},
    {file = "flake8_isort-6.1.1.tar.gz", hash = "sha256:c1f82f3cf06a80c13e1d09bfae460e9666255d5c780b859f19f8318d420370b3"},
]

[package.dependencies]
flake8 = "*"
isort = ">=5.0.0,<6"

[package.extras]
test = ["pytest"]

[[package]]
name = "flake8-plugin-utils"
version = "1.3.3"
description = "The package provides base classes and utils for flake8 plugin writing"
optional = false
python-versions = ">=3.6,<4.0"
files = [
    {file = "flake8-plugin-utils-1.3.3.tar.gz", hash = "sha256:39f6f338d038b301c6fd344b06f2e81e382b68fa03c0560dff0d9b1791a11a2c"},
    {file = "flake8_plugin_utils-1.3.3-py3-none-any.whl", hash = "sha256:e4848c57d9d50f19100c2d75fa794b72df068666a9041b4b0409be923356a3ed"},
]

[[package]]
name = "flake8-return"
version = "1.2.0"
description = "Flake8 plugin that checks return values"
optional = false
python-versions = ">=3.6,<4.0"
files = [
    {file = "flake8-return-1.2.0.tar.gz", hash = "sha256:68dfa56582cd704febd02ad86dcf5df67e38e0836d62f1ceae7930d76d3dd955"},
    {file = "flake8_return-1.2.0-py3-none-any.whl", hash = "sha256:1f07af12954ed03ebe2c2aac2418f78b55374e9929d4956109664588f31582a1"},
]

[package.dependencies]
flake8-plugin-utils = ">=1.0,<2.0"

[[package]]
name = "isort"
version = "5.13.2"
description = "A Python utility / library to sort Python imports."
optional = false
python-versions = ">=3.8.0"
files = [
    {file = "isort-5.13.2-py3-none-any.whl", hash = "sha256:8ca5e72a8d85860d5a3fa69b8745237f2939afe12dbf656afbcb47fe72d947a6"},
    {file = "isort-5.13.2.tar.gz", hash = "sha256:48fdfcb9face5d58a4f6dde2e72a1fb8dcaf8ab26f95ab49fab84c2ddefb0109"},
]

[package.extras]
colors = ["colorama (>=0.4.6)"]

[[package]]
name = "mccabe"
version = "0.7.0"
description = "McCabe checker, plugin for flake8"
optional = false
python-versions = ">=3.6"
files = [
    {file = "mccabe-0.7.0-py2.py3-none-any.whl", hash = "sha256:6c2d30ab6be0e4a46919781807b4f0d834ebdd6c6e3dca0bda5a15f863427b6e"},
    {file = "mccabe-0.7.0.tar.gz", hash = "sha256:348e0240c33b60bbdf4e523192ef919f28cb2c3d7d5c7794f74009290f236325"},
]

[[package]]
name = "pep8-naming"
version = "0.13.3"
description = "Check PEP-8 naming conventions, plugin for flake8"
optional = false
python-versions = ">=3.7"
files = [
    {file = "pep8-naming-0.13.3.tar.gz", hash = "sha256:1705f046dfcd851378aac3be1cd1551c7c1e5ff363bacad707d43007877fa971"},
    {file = "pep8_naming-0.13.3-py3-none-any.whl", hash = "sha256:1a86b8c71a03337c97181917e2b472f0f5e4ccb06844a0d6f0a33522549e7a80"},
]

[package.dependencies]
flake8 = ">=5.0.0"

[[package]]
name = "pycodestyle"
version = "2.11.1"
description = "Python style guide checker"
optional = false
python-versions = ">=3.8"
files = [
    {file = "pycodestyle-2.11.1-py2.py3-none-any.whl", hash = "sha256:44fe31000b2d866f2e41841b18528a505fbd7fef9017b04eff4e2648a0fadc67"},
    {file = "pycodestyle-2.11.1.tar.gz", hash = "sha256:41ba0e7afc9752dfb53ced5489e89f8186be00e599e712660695b7a75ff2663f"},
]

[[package]]
name = "pyflakes"
version = "3.2.0"
description = "passive checker of Python programs"
optional = false
python-versions = ">=3.8"
files = [
    {file = "pyflakes-3.2.0-py2.py3-none-any.whl", hash = "sha256:84b5be138a2dfbb40689ca07e2152deb896a65c3a3e24c251c5c62489568074a"},
    {file = "pyflakes-3.2.0.tar.gz", hash = "sha256:1c61603ff154621fb2a9172037d84dca3500def8c8b630657d1701f026f8af3f"},
]

[metadata]
lock-version = "2.0"
python-versions = "^3.10"
content-hash = "4297536061983c4e2775fb3601b250572c21615dd361f32bd6d0d7e8a86721e5"
